<?xml version="1.0" encoding="utf-8"?>
<Project ToolsVersion="4.0" xmlns="http://schemas.microsoft.com/developer/msbuild/2003">
  <ItemGroup>
    <Filter Include="Quelldateien">
      <UniqueIdentifier>{4FC737F1-C7A5-4376-A066-2A32D752A2FF}</UniqueIdentifier>
      <Extensions>cpp;c;cc;cxx;c++;cppm;ixx;def;odl;idl;hpj;bat;asm;asmx</Extensions>
    </Filter>
    <Filter Include="Headerdateien">
      <UniqueIdentifier>{93995380-89BD-4b04-88EB-625FBE52EBFB}</UniqueIdentifier>
      <Extensions>h;hh;hpp;hxx;h++;hm;inl;inc;ipp;xsd</Extensions>
    </Filter>
    <Filter Include="Ressourcendateien">
      <UniqueIdentifier>{67DA6AB6-F800-4c08-8B7A-83BB121AAD01}</UniqueIdentifier>
      <Extensions>rc;ico;cur;bmp;dlg;rc2;rct;bin;rgs;gif;jpg;jpeg;jpe;resx;tiff;tif;png;wav;mfcribbon-ms</Extensions>
    </Filter>
  </ItemGroup>
  <ItemGroup>
    <ClCompile Include="main.cpp">
      <Filter>Quelldateien</Filter>
    </ClCompile>
    <ClCompile Include="Map.cpp">
      <Filter>Quelldateien</Filter>
    </ClCompile>
    <ClCompile Include="Waypoint.cpp">
      <Filter>Quelldateien</Filter>
    </ClCompile>
    <ClCompile Include="Tower.cpp">
      <Filter>Quelldateien</Filter>
    </ClCompile>
    <ClCompile Include="Round.cpp">
      <Filter>Quelldateien</Filter>
    </ClCompile>
    <ClCompile Include="Drone.cpp">
      <Filter>Quelldateien</Filter>
    </ClCompile>
    <ClCompile Include="Sidebar.cpp">
      <Filter>Quelldateien</Filter>
    </ClCompile>
    <ClCompile Include="Game.cpp">
      <Filter>Quelldateien</Filter>
    </ClCompile>
    <ClCompile Include="TowerAlias.cpp">
      <Filter>Quelldateien</Filter>
    </ClCompile>
    <ClCompile Include="Service.cpp">
      <Filter>Quelldateien</Filter>
    </ClCompile>
    <ClCompile Include="Projectile.cpp">
      <Filter>Quelldateien</Filter>
    </ClCompile>
    <ClCompile Include="ClassMoneyTower.cpp">
      <Filter>Quelldateien</Filter>
    </ClCompile>
  </ItemGroup>
  <ItemGroup>
    <ClInclude Include="Map.h">
      <Filter>Headerdateien</Filter>
    </ClInclude>
    <ClInclude Include="Waypoint.h">
      <Filter>Headerdateien</Filter>
    </ClInclude>
    <ClInclude Include="Round.h">
      <Filter>Headerdateien</Filter>
    </ClInclude>
    <ClInclude Include="Tower.h">
      <Filter>Headerdateien</Filter>
    </ClInclude>
    <ClInclude Include="Drone.h">
      <Filter>Headerdateien</Filter>
    </ClInclude>
    <ClInclude Include="Sidebar.h">
      <Filter>Headerdateien</Filter>
    </ClInclude>
    <ClInclude Include="Game.h">
      <Filter>Headerdateien</Filter>
    </ClInclude>
    <ClInclude Include="TowerAlias.h">
      <Filter>Headerdateien</Filter>
    </ClInclude>
    <ClInclude Include="Service.h">
      <Filter>Headerdateien</Filter>
    </ClInclude>
    <ClInclude Include="Projectile.h">
      <Filter>Headerdateien</Filter>
    </ClInclude>
    <ClInclude Include="ClassMoneyTower.h">
      <Filter>Headerdateien</Filter>
    </ClInclude>
  </ItemGroup>
  <ItemGroup>
    <Font Include="fonts\arial.ttf" />
  </ItemGroup>
  <ItemGroup>
    <Image Include="image\Map1.png">
      <Filter>Ressourcendateien</Filter>
    </Image>
    <Image Include="img\drone2_40x40.png">
      <Filter>Ressourcendateien</Filter>
    </Image>
    <Image Include="img\tower1_50x50.png">
      <Filter>Ressourcendateien</Filter>
    </Image>
    <Image Include="img\tower2_50x50.png">
      <Filter>Ressourcendateien</Filter>
    </Image>
    <Image Include="img\tower3_50x50.png">
      <Filter>Ressourcendateien</Filter>
    </Image>
    <Image Include="img\tower0_50x50.png">
      <Filter>Ressourcendateien</Filter>
    </Image>
  </ItemGroup>
</Project>