<?xml version="1.0" encoding="utf-8"?>
<Project ToolsVersion="4.0" xmlns="http://schemas.microsoft.com/developer/msbuild/2003">
  <ItemGroup>
    <Filter Include="Quelldateien">
      <UniqueIdentifier>{4FC737F1-C7A5-4376-A066-2A32D752A2FF}</UniqueIdentifier>
      <Extensions>cpp;c;cc;cxx;c++;cppm;ixx;def;odl;idl;hpj;bat;asm;asmx</Extensions>
    </Filter>
    <Filter Include="Headerdateien">
      <UniqueIdentifier>{93995380-89BD-4b04-88EB-625FBE52EBFB}</UniqueIdentifier>
      <Extensions>h;hh;hpp;hxx;h++;hm;inl;inc;ipp;xsd</Extensions>
    </Filter>
    <Filter Include="Ressourcendateien">
      <UniqueIdentifier>{67DA6AB6-F800-4c08-8B7A-83BB121AAD01}</UniqueIdentifier>
      <Extensions>rc;ico;cur;bmp;dlg;rc2;rct;bin;rgs;gif;jpg;jpeg;jpe;resx;tiff;tif;png;wav;mfcribbon-ms</Extensions>
    </Filter>
    <Filter Include="Ressourcendateien\sounds">
      <UniqueIdentifier>{7de1acb6-19a3-40aa-a4e6-f85eb1d1f781}</UniqueIdentifier>
    </Filter>
    <Filter Include="Ressourcendateien\music">
      <UniqueIdentifier>{69537bb6-9544-4e9e-9bb8-f54172c2ca4b}</UniqueIdentifier>
    </Filter>
    <Filter Include="Ressourcendateien\fonts">
      <UniqueIdentifier>{51606159-3628-4c18-82ab-402863a532b2}</UniqueIdentifier>
    </Filter>
    <Filter Include="Ressourcendateien\img">
      <UniqueIdentifier>{a92aa2bf-5578-49b3-ad83-5e142ea0b5b7}</UniqueIdentifier>
    </Filter>
    <Filter Include="Ressourcendateien\img\buttons">
      <UniqueIdentifier>{92d96798-f774-4f06-965a-a7039049a509}</UniqueIdentifier>
    </Filter>
    <Filter Include="Ressourcendateien\img\drone0">
      <UniqueIdentifier>{78dad855-596d-499d-9ca6-067a9bfc0683}</UniqueIdentifier>
    </Filter>
    <Filter Include="Ressourcendateien\img\maps">
      <UniqueIdentifier>{d3cbe161-f3ed-452d-9345-596fd07feb1e}</UniqueIdentifier>
    </Filter>
    <Filter Include="Ressourcendateien\img\projectiles">
      <UniqueIdentifier>{005f7f5c-96af-41a9-a7f9-86646dc34a62}</UniqueIdentifier>
    </Filter>
    <Filter Include="Ressourcendateien\img\tower0">
      <UniqueIdentifier>{030b53c0-4128-4405-89e5-9a2fef7ada08}</UniqueIdentifier>
    </Filter>
    <Filter Include="Ressourcendateien\img\tower1">
      <UniqueIdentifier>{e9d811a6-b1f4-4b63-96a1-d36f6ce8bf27}</UniqueIdentifier>
    </Filter>
    <Filter Include="Ressourcendateien\img\tower2">
      <UniqueIdentifier>{ffb7fd00-c407-4df4-b733-64f6ca0aed64}</UniqueIdentifier>
    </Filter>
    <Filter Include="Ressourcendateien\img\tower3">
      <UniqueIdentifier>{4812b204-c1bf-464d-862d-e294e3c3d0a0}</UniqueIdentifier>
    </Filter>
    <Filter Include="Ressourcendateien\img\tower4">
      <UniqueIdentifier>{7ac429ee-faf5-4d02-b430-f08bd71dcd32}</UniqueIdentifier>
    </Filter>
    <Filter Include="Ressourcendateien\img\upgrades">
      <UniqueIdentifier>{0665bb5a-5ccd-450e-84c9-e44ea3456ccb}</UniqueIdentifier>
    </Filter>
  </ItemGroup>
  <ItemGroup>
    <ClCompile Include="main.cpp">
      <Filter>Quelldateien</Filter>
    </ClCompile>
    <ClCompile Include="Drone.cpp">
      <Filter>Quelldateien</Filter>
    </ClCompile>
    <ClCompile Include="Game.cpp">
      <Filter>Quelldateien</Filter>
    </ClCompile>
    <ClCompile Include="Map.cpp">
      <Filter>Quelldateien</Filter>
    </ClCompile>
    <ClCompile Include="Projectile.cpp">
      <Filter>Quelldateien</Filter>
    </ClCompile>
    <ClCompile Include="Round.cpp">
      <Filter>Quelldateien</Filter>
    </ClCompile>
    <ClCompile Include="Service.cpp">
      <Filter>Quelldateien</Filter>
    </ClCompile>
    <ClCompile Include="Sidebar.cpp">
      <Filter>Quelldateien</Filter>
    </ClCompile>
    <ClCompile Include="Tower.cpp">
      <Filter>Quelldateien</Filter>
    </ClCompile>
    <ClCompile Include="TowerAlias.cpp">
      <Filter>Quelldateien</Filter>
    </ClCompile>
    <ClCompile Include="Waypoint.cpp">
      <Filter>Quelldateien</Filter>
    </ClCompile>
    <ClCompile Include="Updates.cpp">
      <Filter>Quelldateien</Filter>
    </ClCompile>
    <ClCompile Include="Ressources.cpp">
      <Filter>Quelldateien</Filter>
    </ClCompile>
    <ClCompile Include="HomeMenu.cpp">
      <Filter>Quelldateien</Filter>
    </ClCompile>
    <ClCompile Include="PauseMenu.cpp">
      <Filter>Quelldateien</Filter>
    </ClCompile>
    <ClCompile Include="TowerSpawn.cpp">
      <Filter>Quelldateien</Filter>
    </ClCompile>
    <ClCompile Include="Multiplayer.cpp">
      <Filter>Quelldateien</Filter>
    </ClCompile>
    <ClCompile Include="MultiplayerChat.cpp">
      <Filter>Quelldateien</Filter>
    </ClCompile>
    <ClCompile Include="SendMoney.cpp">
      <Filter>Quelldateien</Filter>
    </ClCompile>
    <ClCompile Include="MultiplayerPlayer.cpp">
      <Filter>Quelldateien</Filter>
    </ClCompile>
    <ClCompile Include="Account.cpp">
      <Filter>Quelldateien</Filter>
    </ClCompile>
    <ClCompile Include="AccountServer.cpp">
      <Filter>Quelldateien</Filter>
    </ClCompile>
    <ClCompile Include="Loadup.cpp">
      <Filter>Quelldateien</Filter>
    </ClCompile>
    <ClCompile Include="Loadingbar.cpp">
      <Filter>Quelldateien</Filter>
    </ClCompile>
    <ClCompile Include="AccountLogin.cpp">
      <Filter>Quelldateien</Filter>
    </ClCompile>
    <ClCompile Include="Controls.cpp">
      <Filter>Quelldateien</Filter>
    </ClCompile>
    <ClCompile Include="MultiplayerGUI.cpp">
      <Filter>Quelldateien</Filter>
    </ClCompile>
  </ItemGroup>
  <ItemGroup>
    <ClInclude Include="Drone.h">
      <Filter>Headerdateien</Filter>
    </ClInclude>
    <ClInclude Include="Game.h">
      <Filter>Headerdateien</Filter>
    </ClInclude>
    <ClInclude Include="Map.h">
      <Filter>Headerdateien</Filter>
    </ClInclude>
    <ClInclude Include="Projectile.h">
      <Filter>Headerdateien</Filter>
    </ClInclude>
    <ClInclude Include="Round.h">
      <Filter>Headerdateien</Filter>
    </ClInclude>
    <ClInclude Include="Service.h">
      <Filter>Headerdateien</Filter>
    </ClInclude>
    <ClInclude Include="Sidebar.h">
      <Filter>Headerdateien</Filter>
    </ClInclude>
    <ClInclude Include="Tower.h">
      <Filter>Headerdateien</Filter>
    </ClInclude>
    <ClInclude Include="TowerAlias.h">
      <Filter>Headerdateien</Filter>
    </ClInclude>
    <ClInclude Include="Waypoint.h">
      <Filter>Headerdateien</Filter>
    </ClInclude>
    <ClInclude Include="Updates.h">
      <Filter>Headerdateien</Filter>
    </ClInclude>
    <ClInclude Include="Ressources.h">
      <Filter>Headerdateien</Filter>
    </ClInclude>
    <ClInclude Include="HomeMenu.h">
      <Filter>Headerdateien</Filter>
    </ClInclude>
    <ClInclude Include="PauseMenu.h">
      <Filter>Headerdateien</Filter>
    </ClInclude>
    <ClInclude Include="TowerSpawn.h">
      <Filter>Headerdateien</Filter>
    </ClInclude>
    <ClInclude Include="Multiplayer.h">
      <Filter>Headerdateien</Filter>
    </ClInclude>
    <ClInclude Include="MultiplayerChat.h">
      <Filter>Headerdateien</Filter>
    </ClInclude>
    <ClInclude Include="SendMoney.h">
      <Filter>Headerdateien</Filter>
    </ClInclude>
    <ClInclude Include="MultiplayerPlayer.h">
      <Filter>Headerdateien</Filter>
    </ClInclude>
    <ClInclude Include="Account.h">
      <Filter>Headerdateien</Filter>
    </ClInclude>
    <ClInclude Include="AccountServer.h">
      <Filter>Headerdateien</Filter>
    </ClInclude>
    <ClInclude Include="Loadup.h">
      <Filter>Headerdateien</Filter>
    </ClInclude>
    <ClInclude Include="Loadingbar.h">
      <Filter>Headerdateien</Filter>
    </ClInclude>
    <ClInclude Include="AccountLogin.h">
      <Filter>Headerdateien</Filter>
    </ClInclude>
    <ClInclude Include="Controls.h">
      <Filter>Headerdateien</Filter>
    </ClInclude>
    <ClInclude Include="MultiplayerGUI.h">
      <Filter>Headerdateien</Filter>
    </ClInclude>
  </ItemGroup>
  <ItemGroup>
    <None Include="ClassDiagram.cd" />
  </ItemGroup>
</Project>