<?xml version="1.0" encoding="utf-8"?>
<Project ToolsVersion="4.0" xmlns="http://schemas.microsoft.com/developer/msbuild/2003">
  <ItemGroup>
    <Filter Include="Header">
      <UniqueIdentifier>{78800a7f-faa0-4be3-a337-901ed19b2f74}</UniqueIdentifier>
    </Filter>
    <Filter Include="Quellen">
      <UniqueIdentifier>{a6923db6-edd6-4871-80b5-c6b619431f02}</UniqueIdentifier>
    </Filter>
  </ItemGroup>
  <ItemGroup>
    <ClInclude Include="Drone.h">
      <Filter>Header</Filter>
    </ClInclude>
    <ClInclude Include="Game.h">
      <Filter>Header</Filter>
    </ClInclude>
    <ClInclude Include="HomeMenu.h">
      <Filter>Header</Filter>
    </ClInclude>
    <ClInclude Include="Map.h">
      <Filter>Header</Filter>
    </ClInclude>
    <ClInclude Include="PauseMenu.h">
      <Filter>Header</Filter>
    </ClInclude>
    <ClInclude Include="Projectile.h">
      <Filter>Header</Filter>
    </ClInclude>
    <ClInclude Include="rekursion.h">
      <Filter>Header</Filter>
    </ClInclude>
    <ClInclude Include="Ressources.h">
      <Filter>Header</Filter>
    </ClInclude>
    <ClInclude Include="Round.h">
      <Filter>Header</Filter>
    </ClInclude>
    <ClInclude Include="Service.h">
      <Filter>Header</Filter>
    </ClInclude>
    <ClInclude Include="Sidebar.h">
      <Filter>Header</Filter>
    </ClInclude>
    <ClInclude Include="Tower.h">
      <Filter>Header</Filter>
    </ClInclude>
    <ClInclude Include="TowerAlias.h">
      <Filter>Header</Filter>
    </ClInclude>
    <ClInclude Include="TowerSpawn.h">
      <Filter>Header</Filter>
    </ClInclude>
    <ClInclude Include="Transmit.h">
      <Filter>Header</Filter>
    </ClInclude>
    <ClInclude Include="Updates.h">
      <Filter>Header</Filter>
    </ClInclude>
    <ClInclude Include="Waypoint.h">
      <Filter>Header</Filter>
    </ClInclude>
  </ItemGroup>
  <ItemGroup>
    <ClCompile Include="Drone.cpp">
      <Filter>Quellen</Filter>
    </ClCompile>
    <ClCompile Include="Game.cpp">
      <Filter>Quellen</Filter>
    </ClCompile>
    <ClCompile Include="HomeMenu.cpp">
      <Filter>Quellen</Filter>
    </ClCompile>
    <ClCompile Include="main.cpp">
      <Filter>Quellen</Filter>
    </ClCompile>
    <ClCompile Include="Map.cpp">
      <Filter>Quellen</Filter>
    </ClCompile>
    <ClCompile Include="PauseMenu.cpp">
      <Filter>Quellen</Filter>
    </ClCompile>
    <ClCompile Include="Projectile.cpp">
      <Filter>Quellen</Filter>
    </ClCompile>
    <ClCompile Include="Ressources.cpp">
      <Filter>Quellen</Filter>
    </ClCompile>
    <ClCompile Include="Round.cpp">
      <Filter>Quellen</Filter>
    </ClCompile>
    <ClCompile Include="Service.cpp">
      <Filter>Quellen</Filter>
    </ClCompile>
    <ClCompile Include="Sidebar.cpp">
      <Filter>Quellen</Filter>
    </ClCompile>
    <ClCompile Include="Tower.cpp">
      <Filter>Quellen</Filter>
    </ClCompile>
    <ClCompile Include="TowerAlias.cpp">
      <Filter>Quellen</Filter>
    </ClCompile>
    <ClCompile Include="TowerSpawn.cpp">
      <Filter>Quellen</Filter>
    </ClCompile>
    <ClCompile Include="Transmit.cpp">
      <Filter>Quellen</Filter>
    </ClCompile>
    <ClCompile Include="Updates.cpp">
      <Filter>Quellen</Filter>
    </ClCompile>
    <ClCompile Include="Waypoint.cpp">
      <Filter>Quellen</Filter>
    </ClCompile>
  </ItemGroup>
</Project>